# This file is automatically @generated by Cargo.
# It is not intended for manual editing.
version = 4

[[package]]
name = "use-api"
version = "0.0.1"
dependencies = [
 "use-api-auth",
 "use-api-deprecation",
 "use-api-error",
 "use-api-header",
 "use-api-key",
 "use-api-media-type",
 "use-api-operation",
 "use-api-param",
 "use-api-request",
 "use-api-resource",
 "use-api-response",
 "use-api-route",
 "use-api-schema",
 "use-api-version",
 "use-content-negotiation",
 "use-cursor",
 "use-endpoint",
 "use-graphql",
 "use-grpc",
 "use-idempotency",
 "use-openapi",
 "use-pagination",
 "use-rate-limit",
 "use-rest",
 "use-rpc",
 "use-webhook",
]

[[package]]
name = "use-api-auth"
version = "0.0.1"

[[package]]
name = "use-api-deprecation"
version = "0.0.1"

[[package]]
name = "use-api-error"
version = "0.0.1"

[[package]]
name = "use-api-header"
version = "0.0.1"

[[package]]
name = "use-api-key"
version = "0.0.1"

[[package]]
name = "use-api-media-type"
version = "0.0.1"

[[package]]
name = "use-api-operation"
version = "0.0.1"

[[package]]
name = "use-api-param"
version = "0.0.1"

[[package]]
name = "use-api-request"
version = "0.0.1"

[[package]]
name = "use-api-resource"
version = "0.0.1"

[[package]]
name = "use-api-response"
version = "0.0.1"

[[package]]
name = "use-api-route"
version = "0.0.1"

[[package]]
name = "use-api-schema"
version = "0.0.1"

[[package]]
name = "use-api-version"
version = "0.0.1"

[[package]]
name = "use-content-negotiation"
version = "0.0.1"

[[package]]
name = "use-cursor"
version = "0.0.1"

[[package]]
name = "use-endpoint"
version = "0.0.1"

[[package]]
name = "use-graphql"
version = "0.0.1"

[[package]]
name = "use-grpc"
version = "0.0.1"

[[package]]
name = "use-idempotency"
version = "0.0.1"

[[package]]
name = "use-openapi"
version = "0.0.1"

[[package]]
name = "use-pagination"
version = "0.0.1"

[[package]]
name = "use-rate-limit"
version = "0.0.1"

[[package]]
name = "use-rest"
version = "0.0.1"

[[package]]
name = "use-rpc"
version = "0.0.1"

[[package]]
name = "use-webhook"
version = "0.0.1"
